
Microsoft Visual Studio Solution File, Format Version 12.00
# Visual Studio 14
VisualStudioVersion = 14.0.25123.0
MinimumVisualStudioVersion = 10.0.40219.1
Project("{DEB1AE5A-46B3-4E7A-B7BD-C8E355C79C2B}") = "Sitecore.Support.183681", "Sitecore.Support.183681\Sitecore.Support.183681.csproj", "{ABEFA490-FF71-4368-A8D5-7A5A56FBB1C9}"
EndProject
Global
	GlobalSection(SolutionConfigurationPlatforms) = preSolution
		Debug|Any CPU = Debug|Any CPU
		Release|Any CPU = Release|Any CPU
	EndGlobalSection
	GlobalSection(ProjectConfigurationPlatforms) = postSolution
		{ABEFA490-FF71-4368-A8D5-7A5A56FBB1C9}.Debug|Any CPU.ActiveCfg = Debug|Any CPU
		{ABEFA490-FF71-4368-A8D5-7A5A56FBB1C9}.Debug|Any CPU.Build.0 = Debug|Any CPU
		{ABEFA490-FF71-4368-A8D5-7A5A56FBB1C9}.Release|Any CPU.ActiveCfg = Release|Any CPU
		{ABEFA490-FF71-4368-A8D5-7A5A56FBB1C9}.Release|Any CPU.Build.0 = Release|Any CPU
	EndGlobalSection
	GlobalSection(SolutionProperties) = preSolution
		HideSolutionNode = FALSE
	EndGlobalSection
EndGlobal
